
Microsoft Visual Studio Solution File, Format Version 12.00
# Visual Studio Version 17
VisualStudioVersion = 17.9.34728.123
MinimumVisualStudioVersion = 10.0.40219.1
Project("{FAE04EC0-301F-11D3-BF4B-00C04F79EFBC}") = "XyrenthWeb", "XyrenthWeb.csproj", "{AF1FC314-ABEB-4559-86A5-893DC8BC8C9D}"
EndProject
Project("{FAE04EC0-301F-11D3-BF4B-00C04F79EFBC}") = "XyrenthWeb.Models", "..\XyrenthWeb.Models\XyrenthWeb.Models.csproj", "{DBCD5333-ADAE-4734-9708-23FA48B38E47}"
EndProject
Project("{FAE04EC0-301F-11D3-BF4B-00C04F79EFBC}") = "XyrenthWeb.Database", "..\XyrenthWeb.Database\XyrenthWeb.Database.csproj", "{34F36C07-9733-443D-A965-A6504D7FCE49}"
EndProject
Project("{FAE04EC0-301F-11D3-BF4B-00C04F79EFBC}") = "TestDatabase", "..\TestDatabase\TestDatabase.csproj", "{F02C0651-DFDA-41A7-91D1-AB236C23F8C3}"
EndProject
Global
	GlobalSection(SolutionConfigurationPlatforms) = preSolution
		Debug|Any CPU = Debug|Any CPU
		Release|Any CPU = Release|Any CPU
	EndGlobalSection
	GlobalSection(ProjectConfigurationPlatforms) = postSolution
		{AF1FC314-ABEB-4559-86A5-893DC8BC8C9D}.Debug|Any CPU.ActiveCfg = Debug|Any CPU
		{AF1FC314-ABEB-4559-86A5-893DC8BC8C9D}.Debug|Any CPU.Build.0 = Debug|Any CPU
		{AF1FC314-ABEB-4559-86A5-893DC8BC8C9D}.Release|Any CPU.ActiveCfg = Release|Any CPU
		{AF1FC314-ABEB-4559-86A5-893DC8BC8C9D}.Release|Any CPU.Build.0 = Release|Any CPU
		{DBCD5333-ADAE-4734-9708-23FA48B38E47}.Debug|Any CPU.ActiveCfg = Debug|Any CPU
		{DBCD5333-ADAE-4734-9708-23FA48B38E47}.Debug|Any CPU.Build.0 = Debug|Any CPU
		{DBCD5333-ADAE-4734-9708-23FA48B38E47}.Release|Any CPU.ActiveCfg = Release|Any CPU
		{DBCD5333-ADAE-4734-9708-23FA48B38E47}.Release|Any CPU.Build.0 = Release|Any CPU
		{34F36C07-9733-443D-A965-A6504D7FCE49}.Debug|Any CPU.ActiveCfg = Debug|Any CPU
		{34F36C07-9733-443D-A965-A6504D7FCE49}.Debug|Any CPU.Build.0 = Debug|Any CPU
		{34F36C07-9733-443D-A965-A6504D7FCE49}.Release|Any CPU.ActiveCfg = Release|Any CPU
		{34F36C07-9733-443D-A965-A6504D7FCE49}.Release|Any CPU.Build.0 = Release|Any CPU
		{F02C0651-DFDA-41A7-91D1-AB236C23F8C3}.Debug|Any CPU.ActiveCfg = Debug|Any CPU
		{F02C0651-DFDA-41A7-91D1-AB236C23F8C3}.Debug|Any CPU.Build.0 = Debug|Any CPU
		{F02C0651-DFDA-41A7-91D1-AB236C23F8C3}.Release|Any CPU.ActiveCfg = Release|Any CPU
		{F02C0651-DFDA-41A7-91D1-AB236C23F8C3}.Release|Any CPU.Build.0 = Release|Any CPU
	EndGlobalSection
	GlobalSection(SolutionProperties) = preSolution
		HideSolutionNode = FALSE
	EndGlobalSection
	GlobalSection(ExtensibilityGlobals) = postSolution
		SolutionGuid = {20545118-5D57-4928-A7B5-2AB755953788}
	EndGlobalSection
EndGlobal
